{
  "name": "smart-on-fhir-tutorial",
  "version": "0.1.0",
  "lockfileVersion": 2,
  "requires": true,
  "packages": {
    "": {
      "name": "smart-on-fhir-tutorial",
      "version": "0.1.0",
      "license": "SEE LICENSE IN LICENSE.md",
      "dependencies": {
        "fhirclient": "0.1.12"
      }
    },
    "node_modules/fhirclient": {
      "version": "0.1.12",
      "resolved": "https://registry.npmjs.org/fhirclient/-/fhirclient-0.1.12.tgz",
      "integrity": "sha512-uamQf+lGx7BDAYZ/1EX32MG7qCEXAa0is2tDfNjw+ycD/j5Zu1fzF3KAxeITrdksLWMD6YewwTCKhG03LpJAxg=="
    }
  },
  "dependencies": {
    "fhirclient": {
      "version": "0.1.12",
      "resolved": "https://registry.npmjs.org/fhirclient/-/fhirclient-0.1.12.tgz",
      "integrity": "sha512-uamQf+lGx7BDAYZ/1EX32MG7qCEXAa0is2tDfNjw+ycD/j5Zu1fzF3KAxeITrdksLWMD6YewwTCKhG03LpJAxg=="
    }
  }
}
